
Microsoft Visual Studio Solution File, Format Version 12.00
# Visual Studio Version 17
VisualStudioVersion = 17.5.33530.505
MinimumVisualStudioVersion = 10.0.40219.1
Project("{9A19103F-16F7-4668-BE54-9A1E7A4F7556}") = "BulkyWeb", "BulkyWeb\BulkyWeb.csproj", "{B267BC88-4021-4809-975C-88B3726293E9}"
EndProject
Project("{9A19103F-16F7-4668-BE54-9A1E7A4F7556}") = "BulkyWebRazor_Temp", "BulkyWebRazor_Temp\BulkyWebRazor_Temp.csproj", "{DDD60EA3-4EA8-4A47-B393-C51305D5317C}"
EndProject
Project("{FAE04EC0-301F-11D3-BF4B-00C04F79EFBC}") = "Bulky.DataAccess", "Bulky.DataAccess\Bulky.DataAccess.csproj", "{20AEAFBF-651B-4F51-821F-7F195FA37938}"
EndProject
Project("{FAE04EC0-301F-11D3-BF4B-00C04F79EFBC}") = "Bulky.Models", "Bulky.Models\Bulky.Models.csproj", "{836CBDB7-C420-4960-8A6A-356DF30D737D}"
EndProject
Project("{FAE04EC0-301F-11D3-BF4B-00C04F79EFBC}") = "Bulky.Utility", "Bulky.Utility\Bulky.Utility.csproj", "{81639DB5-BED1-40A0-9C6E-E02F6E5D46D7}"
EndProject
Global
	GlobalSection(SolutionConfigurationPlatforms) = preSolution
		Debug|Any CPU = Debug|Any CPU
		Release|Any CPU = Release|Any CPU
	EndGlobalSection
	GlobalSection(ProjectConfigurationPlatforms) = postSolution
		{B267BC88-4021-4809-975C-88B3726293E9}.Debug|Any CPU.ActiveCfg = Debug|Any CPU
		{B267BC88-4021-4809-975C-88B3726293E9}.Debug|Any CPU.Build.0 = Debug|Any CPU
		{B267BC88-4021-4809-975C-88B3726293E9}.Release|Any CPU.ActiveCfg = Release|Any CPU
		{B267BC88-4021-4809-975C-88B3726293E9}.Release|Any CPU.Build.0 = Release|Any CPU
		{DDD60EA3-4EA8-4A47-B393-C51305D5317C}.Debug|Any CPU.ActiveCfg = Debug|Any CPU
		{DDD60EA3-4EA8-4A47-B393-C51305D5317C}.Debug|Any CPU.Build.0 = Debug|Any CPU
		{DDD60EA3-4EA8-4A47-B393-C51305D5317C}.Release|Any CPU.ActiveCfg = Release|Any CPU
		{DDD60EA3-4EA8-4A47-B393-C51305D5317C}.Release|Any CPU.Build.0 = Release|Any CPU
		{20AEAFBF-651B-4F51-821F-7F195FA37938}.Debug|Any CPU.ActiveCfg = Debug|Any CPU
		{20AEAFBF-651B-4F51-821F-7F195FA37938}.Debug|Any CPU.Build.0 = Debug|Any CPU
		{20AEAFBF-651B-4F51-821F-7F195FA37938}.Release|Any CPU.ActiveCfg = Release|Any CPU
		{20AEAFBF-651B-4F51-821F-7F195FA37938}.Release|Any CPU.Build.0 = Release|Any CPU
		{836CBDB7-C420-4960-8A6A-356DF30D737D}.Debug|Any CPU.ActiveCfg = Debug|Any CPU
		{836CBDB7-C420-4960-8A6A-356DF30D737D}.Debug|Any CPU.Build.0 = Debug|Any CPU
		{836CBDB7-C420-4960-8A6A-356DF30D737D}.Release|Any CPU.ActiveCfg = Release|Any CPU
		{836CBDB7-C420-4960-8A6A-356DF30D737D}.Release|Any CPU.Build.0 = Release|Any CPU
		{81639DB5-BED1-40A0-9C6E-E02F6E5D46D7}.Debug|Any CPU.ActiveCfg = Debug|Any CPU
		{81639DB5-BED1-40A0-9C6E-E02F6E5D46D7}.Debug|Any CPU.Build.0 = Debug|Any CPU
		{81639DB5-BED1-40A0-9C6E-E02F6E5D46D7}.Release|Any CPU.ActiveCfg = Release|Any CPU
		{81639DB5-BED1-40A0-9C6E-E02F6E5D46D7}.Release|Any CPU.Build.0 = Release|Any CPU
	EndGlobalSection
	GlobalSection(SolutionProperties) = preSolution
		HideSolutionNode = FALSE
	EndGlobalSection
	GlobalSection(ExtensibilityGlobals) = postSolution
		SolutionGuid = {45F03802-B223-44A8-9FDB-555AAF8FB4E1}
	EndGlobalSection
EndGlobal
